
Microsoft Visual Studio Solution File, Format Version 12.00
# Visual Studio Version 17
VisualStudioVersion = 17.5.33424.131
MinimumVisualStudioVersion = 10.0.40219.1
Project("{9A19103F-16F7-4668-BE54-9A1E7A4F7556}") = "TodoAppNTier.DataAccess", "TodoAppNTier.DataAccess\TodoAppNTier.DataAccess.csproj", "{C304DCE0-2F1C-4A3C-98EB-CCA8E6835616}"
EndProject
Project("{9A19103F-16F7-4668-BE54-9A1E7A4F7556}") = "TodoAppNTier.Entities", "TodoAppNTier.Entities\TodoAppNTier.Entities.csproj", "{BB410996-C21B-41C1-A119-13313D21ACDF}"
EndProject
Project("{9A19103F-16F7-4668-BE54-9A1E7A4F7556}") = "TodoAppNTier.Busniess", "TodoAppNTier.Busniess\TodoAppNTier.Busniess.csproj", "{AE0C1A85-14F0-4F28-B617-0E9F5795EF0C}"
EndProject
Project("{9A19103F-16F7-4668-BE54-9A1E7A4F7556}") = "TodoAppNTier.Dtos", "TodoAppNTier.Dtos\TodoAppNTier.Dtos.csproj", "{DC359352-8D46-493B-8811-62B3FDA59034}"
EndProject
Project("{9A19103F-16F7-4668-BE54-9A1E7A4F7556}") = "TodoAppNTier.UI", "TodoAppNTier.UI\TodoAppNTier.UI.csproj", "{700E2779-C5B9-4F0E-A164-89E544512FF8}"
EndProject
Project("{2150E333-8FDC-42A3-9474-1A3956D46DE8}") = "Not", "Not", "{03C48B23-4A22-4D2A-B3F0-E5EACDE2FE6D}"
	ProjectSection(SolutionItems) = preProject
		Notlar.txt = Notlar.txt
	EndProjectSection
EndProject
Global
	GlobalSection(SolutionConfigurationPlatforms) = preSolution
		Debug|Any CPU = Debug|Any CPU
		Release|Any CPU = Release|Any CPU
	EndGlobalSection
	GlobalSection(ProjectConfigurationPlatforms) = postSolution
		{C304DCE0-2F1C-4A3C-98EB-CCA8E6835616}.Debug|Any CPU.ActiveCfg = Debug|Any CPU
		{C304DCE0-2F1C-4A3C-98EB-CCA8E6835616}.Debug|Any CPU.Build.0 = Debug|Any CPU
		{C304DCE0-2F1C-4A3C-98EB-CCA8E6835616}.Release|Any CPU.ActiveCfg = Release|Any CPU
		{C304DCE0-2F1C-4A3C-98EB-CCA8E6835616}.Release|Any CPU.Build.0 = Release|Any CPU
		{BB410996-C21B-41C1-A119-13313D21ACDF}.Debug|Any CPU.ActiveCfg = Debug|Any CPU
		{BB410996-C21B-41C1-A119-13313D21ACDF}.Debug|Any CPU.Build.0 = Debug|Any CPU
		{BB410996-C21B-41C1-A119-13313D21ACDF}.Release|Any CPU.ActiveCfg = Release|Any CPU
		{BB410996-C21B-41C1-A119-13313D21ACDF}.Release|Any CPU.Build.0 = Release|Any CPU
		{AE0C1A85-14F0-4F28-B617-0E9F5795EF0C}.Debug|Any CPU.ActiveCfg = Debug|Any CPU
		{AE0C1A85-14F0-4F28-B617-0E9F5795EF0C}.Debug|Any CPU.Build.0 = Debug|Any CPU
		{AE0C1A85-14F0-4F28-B617-0E9F5795EF0C}.Release|Any CPU.ActiveCfg = Release|Any CPU
		{AE0C1A85-14F0-4F28-B617-0E9F5795EF0C}.Release|Any CPU.Build.0 = Release|Any CPU
		{DC359352-8D46-493B-8811-62B3FDA59034}.Debug|Any CPU.ActiveCfg = Debug|Any CPU
		{DC359352-8D46-493B-8811-62B3FDA59034}.Debug|Any CPU.Build.0 = Debug|Any CPU
		{DC359352-8D46-493B-8811-62B3FDA59034}.Release|Any CPU.ActiveCfg = Release|Any CPU
		{DC359352-8D46-493B-8811-62B3FDA59034}.Release|Any CPU.Build.0 = Release|Any CPU
		{700E2779-C5B9-4F0E-A164-89E544512FF8}.Debug|Any CPU.ActiveCfg = Debug|Any CPU
		{700E2779-C5B9-4F0E-A164-89E544512FF8}.Debug|Any CPU.Build.0 = Debug|Any CPU
		{700E2779-C5B9-4F0E-A164-89E544512FF8}.Release|Any CPU.ActiveCfg = Release|Any CPU
		{700E2779-C5B9-4F0E-A164-89E544512FF8}.Release|Any CPU.Build.0 = Release|Any CPU
	EndGlobalSection
	GlobalSection(SolutionProperties) = preSolution
		HideSolutionNode = FALSE
	EndGlobalSection
	GlobalSection(ExtensibilityGlobals) = postSolution
		SolutionGuid = {8D68E2A2-9667-4103-B66C-01F610D40FF2}
	EndGlobalSection
EndGlobal
